
Microsoft Visual Studio Solution File, Format Version 12.00
# Visual Studio Version 16
VisualStudioVersion = 16.0.28803.202
MinimumVisualStudioVersion = 10.0.40219.1
Project("{9A19103F-16F7-4668-BE54-9A1E7A4F7556}") = "Allie.Chat", "Allie.Chat\Allie.Chat.csproj", "{007AC0F2-14D4-4335-80F0-1EC610A9BFC8}"
EndProject
Project("{9A19103F-16F7-4668-BE54-9A1E7A4F7556}") = "Allie.Chat.Lib", "Allie.Chat.Lib\Allie.Chat.Lib.csproj", "{79DF822C-EA42-4F22-96EE-68A835BA8845}"
EndProject
Project("{9A19103F-16F7-4668-BE54-9A1E7A4F7556}") = "Allie.Chat.Tcp", "Allie.Chat.Tcp\Allie.Chat.Tcp.csproj", "{91FFA91B-8AB1-48BC-A466-C606EB6C8B42}"
EndProject
Project("{9A19103F-16F7-4668-BE54-9A1E7A4F7556}") = "Allie.Chat.WebAPI", "Allie.Chat.WebAPI\Allie.Chat.WebAPI.csproj", "{FB136D4F-5DC0-40F7-A9E7-20F8B238BBDE}"
EndProject
Project("{9A19103F-16F7-4668-BE54-9A1E7A4F7556}") = "Allie.Chat.Websocket", "Allie.Chat.Websocket\Allie.Chat.Websocket.csproj", "{9B17CEFB-F9B0-49CF-8302-43F68AF9DF0D}"
EndProject
Project("{2150E333-8FDC-42A3-9474-1A3956D46DE8}") = "TestApps", "TestApps", "{FF903C5C-FD34-4CB1-A023-6557A2F10092}"
EndProject
Project("{9A19103F-16F7-4668-BE54-9A1E7A4F7556}") = "Allie.Chat.TestApps.Tcp", "TestApps\Allie.Chat.TestApps.Tcp\Allie.Chat.TestApps.Tcp.csproj", "{21B52AFD-83F4-4271-8766-D6E3FD343D69}"
EndProject
Project("{9A19103F-16F7-4668-BE54-9A1E7A4F7556}") = "Allie.Chat.TestApps.Websocket", "TestApps\Allie.Chat.TestApps.Websocket\Allie.Chat.TestApps.Websocket.csproj", "{0F2A93ED-9E9A-43A5-9A95-06CE429ADD21}"
EndProject
Project("{9A19103F-16F7-4668-BE54-9A1E7A4F7556}") = "Allie.Chat.Commands.Service", "Allie.Chat.Commands.Service\Allie.Chat.Commands.Service.csproj", "{23252915-94AF-4559-AC60-B8734942B19A}"
EndProject
Project("{9A19103F-16F7-4668-BE54-9A1E7A4F7556}") = "Allie.Chat.Commands", "Allie.Chat.Commands\Allie.Chat.Commands.csproj", "{10FBFECC-290B-4C0D-B5DF-4E1063B0D94D}"
EndProject
Global
	GlobalSection(SolutionConfigurationPlatforms) = preSolution
		Debug|Any CPU = Debug|Any CPU
		Debug|x86 = Debug|x86
		Release|Any CPU = Release|Any CPU
		Release|x86 = Release|x86
	EndGlobalSection
	GlobalSection(ProjectConfigurationPlatforms) = postSolution
		{007AC0F2-14D4-4335-80F0-1EC610A9BFC8}.Debug|Any CPU.ActiveCfg = Debug|Any CPU
		{007AC0F2-14D4-4335-80F0-1EC610A9BFC8}.Debug|Any CPU.Build.0 = Debug|Any CPU
		{007AC0F2-14D4-4335-80F0-1EC610A9BFC8}.Debug|x86.ActiveCfg = Debug|Any CPU
		{007AC0F2-14D4-4335-80F0-1EC610A9BFC8}.Debug|x86.Build.0 = Debug|Any CPU
		{007AC0F2-14D4-4335-80F0-1EC610A9BFC8}.Release|Any CPU.ActiveCfg = Release|Any CPU
		{007AC0F2-14D4-4335-80F0-1EC610A9BFC8}.Release|Any CPU.Build.0 = Release|Any CPU
		{007AC0F2-14D4-4335-80F0-1EC610A9BFC8}.Release|x86.ActiveCfg = Release|Any CPU
		{007AC0F2-14D4-4335-80F0-1EC610A9BFC8}.Release|x86.Build.0 = Release|Any CPU
		{79DF822C-EA42-4F22-96EE-68A835BA8845}.Debug|Any CPU.ActiveCfg = Debug|Any CPU
		{79DF822C-EA42-4F22-96EE-68A835BA8845}.Debug|Any CPU.Build.0 = Debug|Any CPU
		{79DF822C-EA42-4F22-96EE-68A835BA8845}.Debug|x86.ActiveCfg = Debug|Any CPU
		{79DF822C-EA42-4F22-96EE-68A835BA8845}.Debug|x86.Build.0 = Debug|Any CPU
		{79DF822C-EA42-4F22-96EE-68A835BA8845}.Release|Any CPU.ActiveCfg = Release|Any CPU
		{79DF822C-EA42-4F22-96EE-68A835BA8845}.Release|Any CPU.Build.0 = Release|Any CPU
		{79DF822C-EA42-4F22-96EE-68A835BA8845}.Release|x86.ActiveCfg = Release|Any CPU
		{79DF822C-EA42-4F22-96EE-68A835BA8845}.Release|x86.Build.0 = Release|Any CPU
		{91FFA91B-8AB1-48BC-A466-C606EB6C8B42}.Debug|Any CPU.ActiveCfg = Debug|Any CPU
		{91FFA91B-8AB1-48BC-A466-C606EB6C8B42}.Debug|Any CPU.Build.0 = Debug|Any CPU
		{91FFA91B-8AB1-48BC-A466-C606EB6C8B42}.Debug|x86.ActiveCfg = Debug|Any CPU
		{91FFA91B-8AB1-48BC-A466-C606EB6C8B42}.Debug|x86.Build.0 = Debug|Any CPU
		{91FFA91B-8AB1-48BC-A466-C606EB6C8B42}.Release|Any CPU.ActiveCfg = Release|Any CPU
		{91FFA91B-8AB1-48BC-A466-C606EB6C8B42}.Release|Any CPU.Build.0 = Release|Any CPU
		{91FFA91B-8AB1-48BC-A466-C606EB6C8B42}.Release|x86.ActiveCfg = Release|Any CPU
		{91FFA91B-8AB1-48BC-A466-C606EB6C8B42}.Release|x86.Build.0 = Release|Any CPU
		{FB136D4F-5DC0-40F7-A9E7-20F8B238BBDE}.Debug|Any CPU.ActiveCfg = Debug|Any CPU
		{FB136D4F-5DC0-40F7-A9E7-20F8B238BBDE}.Debug|Any CPU.Build.0 = Debug|Any CPU
		{FB136D4F-5DC0-40F7-A9E7-20F8B238BBDE}.Debug|x86.ActiveCfg = Debug|Any CPU
		{FB136D4F-5DC0-40F7-A9E7-20F8B238BBDE}.Debug|x86.Build.0 = Debug|Any CPU
		{FB136D4F-5DC0-40F7-A9E7-20F8B238BBDE}.Release|Any CPU.ActiveCfg = Release|Any CPU
		{FB136D4F-5DC0-40F7-A9E7-20F8B238BBDE}.Release|Any CPU.Build.0 = Release|Any CPU
		{FB136D4F-5DC0-40F7-A9E7-20F8B238BBDE}.Release|x86.ActiveCfg = Release|Any CPU
		{FB136D4F-5DC0-40F7-A9E7-20F8B238BBDE}.Release|x86.Build.0 = Release|Any CPU
		{9B17CEFB-F9B0-49CF-8302-43F68AF9DF0D}.Debug|Any CPU.ActiveCfg = Debug|Any CPU
		{9B17CEFB-F9B0-49CF-8302-43F68AF9DF0D}.Debug|Any CPU.Build.0 = Debug|Any CPU
		{9B17CEFB-F9B0-49CF-8302-43F68AF9DF0D}.Debug|x86.ActiveCfg = Debug|Any CPU
		{9B17CEFB-F9B0-49CF-8302-43F68AF9DF0D}.Debug|x86.Build.0 = Debug|Any CPU
		{9B17CEFB-F9B0-49CF-8302-43F68AF9DF0D}.Release|Any CPU.ActiveCfg = Release|Any CPU
		{9B17CEFB-F9B0-49CF-8302-43F68AF9DF0D}.Release|Any CPU.Build.0 = Release|Any CPU
		{9B17CEFB-F9B0-49CF-8302-43F68AF9DF0D}.Release|x86.ActiveCfg = Release|Any CPU
		{9B17CEFB-F9B0-49CF-8302-43F68AF9DF0D}.Release|x86.Build.0 = Release|Any CPU
		{21B52AFD-83F4-4271-8766-D6E3FD343D69}.Debug|Any CPU.ActiveCfg = Debug|Any CPU
		{21B52AFD-83F4-4271-8766-D6E3FD343D69}.Debug|Any CPU.Build.0 = Debug|Any CPU
		{21B52AFD-83F4-4271-8766-D6E3FD343D69}.Debug|x86.ActiveCfg = Debug|Any CPU
		{21B52AFD-83F4-4271-8766-D6E3FD343D69}.Debug|x86.Build.0 = Debug|Any CPU
		{21B52AFD-83F4-4271-8766-D6E3FD343D69}.Release|Any CPU.ActiveCfg = Release|Any CPU
		{21B52AFD-83F4-4271-8766-D6E3FD343D69}.Release|Any CPU.Build.0 = Release|Any CPU
		{21B52AFD-83F4-4271-8766-D6E3FD343D69}.Release|x86.ActiveCfg = Release|Any CPU
		{21B52AFD-83F4-4271-8766-D6E3FD343D69}.Release|x86.Build.0 = Release|Any CPU
		{0F2A93ED-9E9A-43A5-9A95-06CE429ADD21}.Debug|Any CPU.ActiveCfg = Debug|Any CPU
		{0F2A93ED-9E9A-43A5-9A95-06CE429ADD21}.Debug|Any CPU.Build.0 = Debug|Any CPU
		{0F2A93ED-9E9A-43A5-9A95-06CE429ADD21}.Debug|x86.ActiveCfg = Debug|Any CPU
		{0F2A93ED-9E9A-43A5-9A95-06CE429ADD21}.Debug|x86.Build.0 = Debug|Any CPU
		{0F2A93ED-9E9A-43A5-9A95-06CE429ADD21}.Release|Any CPU.ActiveCfg = Release|Any CPU
		{0F2A93ED-9E9A-43A5-9A95-06CE429ADD21}.Release|Any CPU.Build.0 = Release|Any CPU
		{0F2A93ED-9E9A-43A5-9A95-06CE429ADD21}.Release|x86.ActiveCfg = Release|Any CPU
		{0F2A93ED-9E9A-43A5-9A95-06CE429ADD21}.Release|x86.Build.0 = Release|Any CPU
		{23252915-94AF-4559-AC60-B8734942B19A}.Debug|Any CPU.ActiveCfg = Debug|Any CPU
		{23252915-94AF-4559-AC60-B8734942B19A}.Debug|Any CPU.Build.0 = Debug|Any CPU
		{23252915-94AF-4559-AC60-B8734942B19A}.Debug|x86.ActiveCfg = Debug|Any CPU
		{23252915-94AF-4559-AC60-B8734942B19A}.Debug|x86.Build.0 = Debug|Any CPU
		{23252915-94AF-4559-AC60-B8734942B19A}.Release|Any CPU.ActiveCfg = Release|Any CPU
		{23252915-94AF-4559-AC60-B8734942B19A}.Release|Any CPU.Build.0 = Release|Any CPU
		{23252915-94AF-4559-AC60-B8734942B19A}.Release|x86.ActiveCfg = Release|Any CPU
		{23252915-94AF-4559-AC60-B8734942B19A}.Release|x86.Build.0 = Release|Any CPU
		{10FBFECC-290B-4C0D-B5DF-4E1063B0D94D}.Debug|Any CPU.ActiveCfg = Debug|Any CPU
		{10FBFECC-290B-4C0D-B5DF-4E1063B0D94D}.Debug|Any CPU.Build.0 = Debug|Any CPU
		{10FBFECC-290B-4C0D-B5DF-4E1063B0D94D}.Debug|x86.ActiveCfg = Debug|Any CPU
		{10FBFECC-290B-4C0D-B5DF-4E1063B0D94D}.Debug|x86.Build.0 = Debug|Any CPU
		{10FBFECC-290B-4C0D-B5DF-4E1063B0D94D}.Release|Any CPU.ActiveCfg = Release|Any CPU
		{10FBFECC-290B-4C0D-B5DF-4E1063B0D94D}.Release|Any CPU.Build.0 = Release|Any CPU
		{10FBFECC-290B-4C0D-B5DF-4E1063B0D94D}.Release|x86.ActiveCfg = Release|Any CPU
		{10FBFECC-290B-4C0D-B5DF-4E1063B0D94D}.Release|x86.Build.0 = Release|Any CPU
	EndGlobalSection
	GlobalSection(SolutionProperties) = preSolution
		HideSolutionNode = FALSE
	EndGlobalSection
	GlobalSection(NestedProjects) = preSolution
		{21B52AFD-83F4-4271-8766-D6E3FD343D69} = {FF903C5C-FD34-4CB1-A023-6557A2F10092}
		{0F2A93ED-9E9A-43A5-9A95-06CE429ADD21} = {FF903C5C-FD34-4CB1-A023-6557A2F10092}
	EndGlobalSection
	GlobalSection(ExtensibilityGlobals) = postSolution
		SolutionGuid = {1057192C-61B8-478E-9683-B71AD30C4CAC}
	EndGlobalSection
EndGlobal
